
Microsoft Visual Studio Solution File, Format Version 12.00
# Visual Studio Version 17
VisualStudioVersion = 17.11.35312.102
MinimumVisualStudioVersion = 10.0.40219.1
Project("{FAE04EC0-301F-11D3-BF4B-00C04F79EFBC}") = "Ex24", "Ex24\Ex24.csproj", "{C2AC06CB-1453-436C-86C6-900070C65E14}"
EndProject
Project("{FAE04EC0-301F-11D3-BF4B-00C04F79EFBC}") = "Ex25", "Ex25\Ex25.csproj", "{D21D7F4B-468C-4964-811B-4E65E1B4EE66}"
EndProject
Project("{FAE04EC0-301F-11D3-BF4B-00C04F79EFBC}") = "Ex27", "Ex27\Ex27.csproj", "{3097C263-674D-4029-A946-96C9668801D4}"
EndProject
Global
	GlobalSection(SolutionConfigurationPlatforms) = preSolution
		Debug|Any CPU = Debug|Any CPU
		Release|Any CPU = Release|Any CPU
	EndGlobalSection
	GlobalSection(ProjectConfigurationPlatforms) = postSolution
		{C2AC06CB-1453-436C-86C6-900070C65E14}.Debug|Any CPU.ActiveCfg = Debug|Any CPU
		{C2AC06CB-1453-436C-86C6-900070C65E14}.Debug|Any CPU.Build.0 = Debug|Any CPU
		{C2AC06CB-1453-436C-86C6-900070C65E14}.Release|Any CPU.ActiveCfg = Release|Any CPU
		{C2AC06CB-1453-436C-86C6-900070C65E14}.Release|Any CPU.Build.0 = Release|Any CPU
		{D21D7F4B-468C-4964-811B-4E65E1B4EE66}.Debug|Any CPU.ActiveCfg = Debug|Any CPU
		{D21D7F4B-468C-4964-811B-4E65E1B4EE66}.Debug|Any CPU.Build.0 = Debug|Any CPU
		{D21D7F4B-468C-4964-811B-4E65E1B4EE66}.Release|Any CPU.ActiveCfg = Release|Any CPU
		{D21D7F4B-468C-4964-811B-4E65E1B4EE66}.Release|Any CPU.Build.0 = Release|Any CPU
		{3097C263-674D-4029-A946-96C9668801D4}.Debug|Any CPU.ActiveCfg = Debug|Any CPU
		{3097C263-674D-4029-A946-96C9668801D4}.Debug|Any CPU.Build.0 = Debug|Any CPU
		{3097C263-674D-4029-A946-96C9668801D4}.Release|Any CPU.ActiveCfg = Release|Any CPU
		{3097C263-674D-4029-A946-96C9668801D4}.Release|Any CPU.Build.0 = Release|Any CPU
	EndGlobalSection
	GlobalSection(SolutionProperties) = preSolution
		HideSolutionNode = FALSE
	EndGlobalSection
	GlobalSection(ExtensibilityGlobals) = postSolution
		SolutionGuid = {D0A625FE-6C7A-42EA-B0A9-1240B2636BAD}
	EndGlobalSection
EndGlobal
